{
  "requires": true,
  "lockfileVersion": 1,
  "dependencies": {
    "mirador-image-tools": {
      "version": "0.11.0",
      "resolved": "https://registry.npmjs.org/mirador-image-tools/-/mirador-image-tools-0.11.0.tgz",
      "integrity": "sha512-DdFi/MS9X05Qc30vR5jJv12JZe8/3hKiWlXG2oJlOm5reF7ZS9cPxuK9hxw6F6DzENROTJlJU1dS5preB5RsGQ=="
    }
  }
}
